
Microsoft Visual Studio Solution File, Format Version 12.00
# Visual Studio Version 16
VisualStudioVersion = 16.0.32126.315
MinimumVisualStudioVersion = 10.0.40219.1
Project("{FAE04EC0-301F-11D3-BF4B-00C04F79EFBC}") = "laba_1a", "laba_1a\laba_1a.csproj", "{52CF7B62-542F-46D8-BEDD-94992E6465D8}"
EndProject
Global
	GlobalSection(SolutionConfigurationPlatforms) = preSolution
		Debug|Any CPU = Debug|Any CPU
		Release|Any CPU = Release|Any CPU
	EndGlobalSection
	GlobalSection(ProjectConfigurationPlatforms) = postSolution
		{52CF7B62-542F-46D8-BEDD-94992E6465D8}.Debug|Any CPU.ActiveCfg = Debug|Any CPU
		{52CF7B62-542F-46D8-BEDD-94992E6465D8}.Debug|Any CPU.Build.0 = Debug|Any CPU
		{52CF7B62-542F-46D8-BEDD-94992E6465D8}.Release|Any CPU.ActiveCfg = Release|Any CPU
		{52CF7B62-542F-46D8-BEDD-94992E6465D8}.Release|Any CPU.Build.0 = Release|Any CPU
	EndGlobalSection
	GlobalSection(SolutionProperties) = preSolution
		HideSolutionNode = FALSE
	EndGlobalSection
	GlobalSection(ExtensibilityGlobals) = postSolution
		SolutionGuid = {68C11614-AB91-4343-A142-80D989BB2E41}
	EndGlobalSection
EndGlobal
